// !$*UTF8*$!
{
	archiveVersion = 1;
	classes = {
	};
	objectVersion = 56;
	objects = {

/* Begin PBXBuildFile section */
		8327BC972986B0400059F03E /* AppDelegate.swift in Sources */ = {isa = PBXBuildFile; fileRef = 8327BC962986B0400059F03E /* AppDelegate.swift */; };
		8327BC992986B0400059F03E /* SceneDelegate.swift in Sources */ = {isa = PBXBuildFile; fileRef = 8327BC982986B0400059F03E /* SceneDelegate.swift */; };
		8327BC9B2986B0400059F03E /* StoreViewController.swift in Sources */ = {isa = PBXBuildFile; fileRef = 8327BC9A2986B0400059F03E /* StoreViewController.swift */; };
		8327BCA02986B0440059F03E /* Assets.xcassets in Resources */ = {isa = PBXBuildFile; fileRef = 8327BC9F2986B0440059F03E /* Assets.xcassets */; };
		8327BCA32986B0440059F03E /* LaunchScreen.storyboard in Resources */ = {isa = PBXBuildFile; fileRef = 8327BCA12986B0440059F03E /* LaunchScreen.storyboard */; };
		8327BCB62986BA4B0059F03E /* Constants.swift in Sources */ = {isa = PBXBuildFile; fileRef = 8327BCAD2986BA4B0059F03E /* Constants.swift */; };
		8327BCB72986BA4B0059F03E /* Extensions.swift in Sources */ = {isa = PBXBuildFile; fileRef = 8327BCAE2986BA4B0059F03E /* Extensions.swift */; };
		8327BCB82986BA4B0059F03E /* CodableManager.swift in Sources */ = {isa = PBXBuildFile; fileRef = 8327BCB02986BA4B0059F03E /* CodableManager.swift */; };
		8327BCB92986BA4B0059F03E /* EndPoints.swift in Sources */ = {isa = PBXBuildFile; fileRef = 8327BCB12986BA4B0059F03E /* EndPoints.swift */; };
		8327BCBA2986BA4B0059F03E /* CommunicationManager.swift in Sources */ = {isa = PBXBuildFile; fileRef = 8327BCB22986BA4B0059F03E /* CommunicationManager.swift */; };
		8327BCBB2986BA4B0059F03E /* ErrorHandling.swift in Sources */ = {isa = PBXBuildFile; fileRef = 8327BCB32986BA4B0059F03E /* ErrorHandling.swift */; };
		8327BCBC2986BA4B0059F03E /* ErrorManager.swift in Sources */ = {isa = PBXBuildFile; fileRef = 8327BCB42986BA4B0059F03E /* ErrorManager.swift */; };
/* End PBXBuildFile section */

/* Begin PBXFileReference section */
		8327BC932986B0400059F03E /* Store.app */ = {isa = PBXFileReference; explicitFileType = wrapper.application; includeInIndex = 0; path = Store.app; sourceTree = BUILT_PRODUCTS_DIR; };
		8327BC962986B0400059F03E /* AppDelegate.swift */ = {isa = PBXFileReference; lastKnownFileType = sourcecode.swift; path = AppDelegate.swift; sourceTree = "<group>"; };
		8327BC982986B0400059F03E /* SceneDelegate.swift */ = {isa = PBXFileReference; lastKnownFileType = sourcecode.swift; path = SceneDelegate.swift; sourceTree = "<group>"; };
		8327BC9A2986B0400059F03E /* StoreViewController.swift */ = {isa = PBXFileReference; lastKnownFileType = sourcecode.swift; path = StoreViewController.swift; sourceTree = "<group>"; };
		8327BC9F2986B0440059F03E /* Assets.xcassets */ = {isa = PBXFileReference; lastKnownFileType = folder.assetcatalog; path = Assets.xcassets; sourceTree = "<group>"; };
		8327BCA22986B0440059F03E /* Base */ = {isa = PBXFileReference; lastKnownFileType = file.storyboard; name = Base; path = Base.lproj/LaunchScreen.storyboard; sourceTree = "<group>"; };
		8327BCA42986B0440059F03E /* Info.plist */ = {isa = PBXFileReference; lastKnownFileType = text.plist.xml; path = Info.plist; sourceTree = "<group>"; };
		8327BCAD2986BA4B0059F03E /* Constants.swift */ = {isa = PBXFileReference; fileEncoding = 4; lastKnownFileType = sourcecode.swift; path = Constants.swift; sourceTree = "<group>"; };
		8327BCAE2986BA4B0059F03E /* Extensions.swift */ = {isa = PBXFileReference; fileEncoding = 4; lastKnownFileType = sourcecode.swift; path = Extensions.swift; sourceTree = "<group>"; };
		8327BCB02986BA4B0059F03E /* CodableManager.swift */ = {isa = PBXFileReference; fileEncoding = 4; lastKnownFileType = sourcecode.swift; path = CodableManager.swift; sourceTree = "<group>"; };
		8327BCB12986BA4B0059F03E /* EndPoints.swift */ = {isa = PBXFileReference; fileEncoding = 4; lastKnownFileType = sourcecode.swift; path = EndPoints.swift; sourceTree = "<group>"; };
		8327BCB22986BA4B0059F03E /* CommunicationManager.swift */ = {isa = PBXFileReference; fileEncoding = 4; lastKnownFileType = sourcecode.swift; path = CommunicationManager.swift; sourceTree = "<group>"; };
		8327BCB32986BA4B0059F03E /* ErrorHandling.swift */ = {isa = PBXFileReference; fileEncoding = 4; lastKnownFileType = sourcecode.swift; path = ErrorHandling.swift; sourceTree = "<group>"; };
		8327BCB42986BA4B0059F03E /* ErrorManager.swift */ = {isa = PBXFileReference; fileEncoding = 4; lastKnownFileType = sourcecode.swift; path = ErrorManager.swift; sourceTree = "<group>"; };
/* End PBXFileReference section */

/* Begin PBXFrameworksBuildPhase section */
		8327BC902986B0400059F03E /* Frameworks */ = {
			isa = PBXFrameworksBuildPhase;
			buildActionMask = 2147483647;
			files = (
			);
			runOnlyForDeploymentPostprocessing = 0;
		};
/* End PBXFrameworksBuildPhase section */

/* Begin PBXGroup section */
		8327BC8A2986B0400059F03E = {
			isa = PBXGroup;
			children = (
				8327BC952986B0400059F03E /* Store */,
				8327BC942986B0400059F03E /* Products */,
			);
			sourceTree = "<group>";
		};
		8327BC942986B0400059F03E /* Products */ = {
			isa = PBXGroup;
			children = (
				8327BC932986B0400059F03E /* Store.app */,
			);
			name = Products;
			sourceTree = "<group>";
		};
		8327BC952986B0400059F03E /* Store */ = {
			isa = PBXGroup;
			children = (
				8327BC962986B0400059F03E /* AppDelegate.swift */,
				8327BC982986B0400059F03E /* SceneDelegate.swift */,
				8327BC9A2986B0400059F03E /* StoreViewController.swift */,
				8327BC9F2986B0440059F03E /* Assets.xcassets */,
				8327BCA12986B0440059F03E /* LaunchScreen.storyboard */,
				8327BCA42986B0440059F03E /* Info.plist */,
				8327BCAA2986BA4B0059F03E /* Core */,
			);
			path = Store;
			sourceTree = "<group>";
		};
		8327BCAA2986BA4B0059F03E /* Core */ = {
			isa = PBXGroup;
			children = (
				8327BCAC2986BA4B0059F03E /* AUX */,
				8327BCAF2986BA4B0059F03E /* Communication */,
			);
			path = Core;
			sourceTree = "<group>";
		};
		8327BCAC2986BA4B0059F03E /* AUX */ = {
			isa = PBXGroup;
			children = (
				8327BCAD2986BA4B0059F03E /* Constants.swift */,
				8327BCAE2986BA4B0059F03E /* Extensions.swift */,
			);
			path = AUX;
			sourceTree = "<group>";
		};
		8327BCAF2986BA4B0059F03E /* Communication */ = {
			isa = PBXGroup;
			children = (
				8327BCB02986BA4B0059F03E /* CodableManager.swift */,
				8327BCB12986BA4B0059F03E /* EndPoints.swift */,
				8327BCB22986BA4B0059F03E /* CommunicationManager.swift */,
				8327BCB32986BA4B0059F03E /* ErrorHandling.swift */,
				8327BCB42986BA4B0059F03E /* ErrorManager.swift */,
			);
			path = Communication;
			sourceTree = "<group>";
		};
/* End PBXGroup section */

/* Begin PBXNativeTarget section */
		8327BC922986B0400059F03E /* Store */ = {
			isa = PBXNativeTarget;
			buildConfigurationList = 8327BCA72986B0440059F03E /* Build configuration list for PBXNativeTarget "Store" */;
			buildPhases = (
				8327BC8F2986B0400059F03E /* Sources */,
				8327BC902986B0400059F03E /* Frameworks */,
				8327BC912986B0400059F03E /* Resources */,
			);
			buildRules = (
			);
			dependencies = (
			);
			name = Store;
			productName = Store;
			productReference = 8327BC932986B0400059F03E /* Store.app */;
			productType = "com.apple.product-type.application";
		};
/* End PBXNativeTarget section */

/* Begin PBXProject section */
		8327BC8B2986B0400059F03E /* Project object */ = {
			isa = PBXProject;
			attributes = {
				BuildIndependentTargetsInParallel = 1;
				LastSwiftUpdateCheck = 1420;
				LastUpgradeCheck = 1420;
				TargetAttributes = {
					8327BC922986B0400059F03E = {
						CreatedOnToolsVersion = 14.2;
					};
				};
			};
			buildConfigurationList = 8327BC8E2986B0400059F03E /* Build configuration list for PBXProject "Store" */;
			compatibilityVersion = "Xcode 14.0";
			developmentRegion = en;
			hasScannedForEncodings = 0;
			knownRegions = (
				en,
				Base,
			);
			mainGroup = 8327BC8A2986B0400059F03E;
			productRefGroup = 8327BC942986B0400059F03E /* Products */;
			projectDirPath = "";
			projectRoot = "";
			targets = (
				8327BC922986B0400059F03E /* Store */,
			);
		};
/* End PBXProject section */

/* Begin PBXResourcesBuildPhase section */
		8327BC912986B0400059F03E /* Resources */ = {
			isa = PBXResourcesBuildPhase;
			buildActionMask = 2147483647;
			files = (
				8327BCA32986B0440059F03E /* LaunchScreen.storyboard in Resources */,
				8327BCA02986B0440059F03E /* Assets.xcassets in Resources */,
			);
			runOnlyForDeploymentPostprocessing = 0;
		};
/* End PBXResourcesBuildPhase section */

/* Begin PBXSourcesBuildPhase section */
		8327BC8F2986B0400059F03E /* Sources */ = {
			isa = PBXSourcesBuildPhase;
			buildActionMask = 2147483647;
			files = (
				8327BCB62986BA4B0059F03E /* Constants.swift in Sources */,
				8327BCBA2986BA4B0059F03E /* CommunicationManager.swift in Sources */,
				8327BCB72986BA4B0059F03E /* Extensions.swift in Sources */,
				8327BCB82986BA4B0059F03E /* CodableManager.swift in Sources */,
				8327BCBC2986BA4B0059F03E /* ErrorManager.swift in Sources */,
				8327BC9B2986B0400059F03E /* StoreViewController.swift in Sources */,
				8327BC972986B0400059F03E /* AppDelegate.swift in Sources */,
				8327BCBB2986BA4B0059F03E /* ErrorHandling.swift in Sources */,
				8327BCB92986BA4B0059F03E /* EndPoints.swift in Sources */,
				8327BC992986B0400059F03E /* SceneDelegate.swift in Sources */,
			);
			runOnlyForDeploymentPostprocessing = 0;
		};
/* End PBXSourcesBuildPhase section */

/* Begin PBXVariantGroup section */
		8327BCA12986B0440059F03E /* LaunchScreen.storyboard */ = {
			isa = PBXVariantGroup;
			children = (
				8327BCA22986B0440059F03E /* Base */,
			);
			name = LaunchScreen.storyboard;
			sourceTree = "<group>";
		};
/* End PBXVariantGroup section */

/* Begin XCBuildConfiguration section */
		8327BCA52986B0440059F03E /* Debug */ = {
			isa = XCBuildConfiguration;
			buildSettings = {
				ALWAYS_SEARCH_USER_PATHS = NO;
				CLANG_ANALYZER_NONNULL = YES;
				CLANG_ANALYZER_NUMBER_OBJECT_CONVERSION = YES_AGGRESSIVE;
				CLANG_CXX_LANGUAGE_STANDARD = "gnu++20";
				CLANG_ENABLE_MODULES = YES;
				CLANG_ENABLE_OBJC_ARC = YES;
				CLANG_ENABLE_OBJC_WEAK = YES;
				CLANG_WARN_BLOCK_CAPTURE_AUTORELEASING = YES;
				CLANG_WARN_BOOL_CONVERSION = YES;
				CLANG_WARN_COMMA = YES;
				CLANG_WARN_CONSTANT_CONVERSION = YES;
				CLANG_WARN_DEPRECATED_OBJC_IMPLEMENTATIONS = YES;
				CLANG_WARN_DIRECT_OBJC_ISA_USAGE = YES_ERROR;
				CLANG_WARN_DOCUMENTATION_COMMENTS = YES;
				CLANG_WARN_EMPTY_BODY = YES;
				CLANG_WARN_ENUM_CONVERSION = YES;
				CLANG_WARN_INFINITE_RECURSION = YES;
				CLANG_WARN_INT_CONVERSION = YES;
				CLANG_WARN_NON_LITERAL_NULL_CONVERSION = YES;
				CLANG_WARN_OBJC_IMPLICIT_RETAIN_SELF = YES;
				CLANG_WARN_OBJC_LITERAL_CONVERSION = YES;
				CLANG_WARN_OBJC_ROOT_CLASS = YES_ERROR;
				CLANG_WARN_QUOTED_INCLUDE_IN_FRAMEWORK_HEADER = YES;
				CLANG_WARN_RANGE_LOOP_ANALYSIS = YES;
				CLANG_WARN_STRICT_PROTOTYPES = YES;
				CLANG_WARN_SUSPICIOUS_MOVE = YES;
				CLANG_WARN_UNGUARDED_AVAILABILITY = YES_AGGRESSIVE;
				CLANG_WARN_UNREACHABLE_CODE = YES;
				CLANG_WARN__DUPLICATE_METHOD_MATCH = YES;
				COPY_PHASE_STRIP = NO;
				DEBUG_INFORMATION_FORMAT = dwarf;
				ENABLE_STRICT_OBJC_MSGSEND = YES;
				ENABLE_TESTABILITY = YES;
				GCC_C_LANGUAGE_STANDARD = gnu11;
				GCC_DYNAMIC_NO_PIC = NO;
				GCC_NO_COMMON_BLOCKS = YES;
				GCC_OPTIMIZATION_LEVEL = 0;
				GCC_PREPROCESSOR_DEFINITIONS = (
					"DEBUG=1",
					"$(inherited)",
				);
				GCC_WARN_64_TO_32_BIT_CONVERSION = YES;
				GCC_WARN_ABOUT_RETURN_TYPE = YES_ERROR;
				GCC_WARN_UNDECLARED_SELECTOR = YES;
				GCC_WARN_UNINITIALIZED_AUTOS = YES_AGGRESSIVE;
				GCC_WARN_UNUSED_FUNCTION = YES;
				GCC_WARN_UNUSED_VARIABLE = YES;
				IPHONEOS_DEPLOYMENT_TARGET = 16.2;
				MTL_ENABLE_DEBUG_INFO = INCLUDE_SOURCE;
				MTL_FAST_MATH = YES;
				ONLY_ACTIVE_ARCH = YES;
				SDKROOT = iphoneos;
				SWIFT_ACTIVE_COMPILATION_CONDITIONS = DEBUG;
				SWIFT_OPTIMIZATION_LEVEL = "-Onone";
			};
			name = Debug;
		};
		8327BCA62986B0440059F03E /* Release */ = {
			isa = XCBuildConfiguration;
			buildSettings = {
				ALWAYS_SEARCH_USER_PATHS = NO;
				CLANG_ANALYZER_NONNULL = YES;
				CLANG_ANALYZER_NUMBER_OBJECT_CONVERSION = YES_AGGRESSIVE;
				CLANG_CXX_LANGUAGE_STANDARD = "gnu++20";
				CLANG_ENABLE_MODULES = YES;
				CLANG_ENABLE_OBJC_ARC = YES;
				CLANG_ENABLE_OBJC_WEAK = YES;
				CLANG_WARN_BLOCK_CAPTURE_AUTORELEASING = YES;
				CLANG_WARN_BOOL_CONVERSION = YES;
				CLANG_WARN_COMMA = YES;
				CLANG_WARN_CONSTANT_CONVERSION = YES;
				CLANG_WARN_DEPRECATED_OBJC_IMPLEMENTATIONS = YES;
				CLANG_WARN_DIRECT_OBJC_ISA_USAGE = YES_ERROR;
				CLANG_WARN_DOCUMENTATION_COMMENTS = YES;
				CLANG_WARN_EMPTY_BODY = YES;
				CLANG_WARN_ENUM_CONVERSION = YES;
				CLANG_WARN_INFINITE_RECURSION = YES;
				CLANG_WARN_INT_CONVERSION = YES;
				CLANG_WARN_NON_LITERAL_NULL_CONVERSION = YES;
				CLANG_WARN_OBJC_IMPLICIT_RETAIN_SELF = YES;
				CLANG_WARN_OBJC_LITERAL_CONVERSION = YES;
				CLANG_WARN_OBJC_ROOT_CLASS = YES_ERROR;
				CLANG_WARN_QUOTED_INCLUDE_IN_FRAMEWORK_HEADER = YES;
				CLANG_WARN_RANGE_LOOP_ANALYSIS = YES;
				CLANG_WARN_STRICT_PROTOTYPES = YES;
				CLANG_WARN_SUSPICIOUS_MOVE = YES;
				CLANG_WARN_UNGUARDED_AVAILABILITY = YES_AGGRESSIVE;
				CLANG_WARN_UNREACHABLE_CODE = YES;
				CLANG_WARN__DUPLICATE_METHOD_MATCH = YES;
				COPY_PHASE_STRIP = NO;
				DEBUG_INFORMATION_FORMAT = "dwarf-with-dsym";
				ENABLE_NS_ASSERTIONS = NO;
				ENABLE_STRICT_OBJC_MSGSEND = YES;
				GCC_C_LANGUAGE_STANDARD = gnu11;
				GCC_NO_COMMON_BLOCKS = YES;
				GCC_WARN_64_TO_32_BIT_CONVERSION = YES;
				GCC_WARN_ABOUT_RETURN_TYPE = YES_ERROR;
				GCC_WARN_UNDECLARED_SELECTOR = YES;
				GCC_WARN_UNINITIALIZED_AUTOS = YES_AGGRESSIVE;
				GCC_WARN_UNUSED_FUNCTION = YES;
				GCC_WARN_UNUSED_VARIABLE = YES;
				IPHONEOS_DEPLOYMENT_TARGET = 16.2;
				MTL_ENABLE_DEBUG_INFO = NO;
				MTL_FAST_MATH = YES;
				SDKROOT = iphoneos;
				SWIFT_COMPILATION_MODE = wholemodule;
				SWIFT_OPTIMIZATION_LEVEL = "-O";
				VALIDATE_PRODUCT = YES;
			};
			name = Release;
		};
		8327BCA82986B0440059F03E /* Debug */ = {
			isa = XCBuildConfiguration;
			buildSettings = {
				ASSETCATALOG_COMPILER_APPICON_NAME = AppIcon;
				ASSETCATALOG_COMPILER_GLOBAL_ACCENT_COLOR_NAME = AccentColor;
				CODE_SIGN_STYLE = Automatic;
				CURRENT_PROJECT_VERSION = 1;
				GENERATE_INFOPLIST_FILE = YES;
				INFOPLIST_FILE = Store/Info.plist;
				INFOPLIST_KEY_UIApplicationSupportsIndirectInputEvents = YES;
				INFOPLIST_KEY_UILaunchStoryboardName = LaunchScreen;
				INFOPLIST_KEY_UISupportedInterfaceOrientations_iPad = "UIInterfaceOrientationPortrait UIInterfaceOrientationPortraitUpsideDown UIInterfaceOrientationLandscapeLeft UIInterfaceOrientationLandscapeRight";
				INFOPLIST_KEY_UISupportedInterfaceOrientations_iPhone = "UIInterfaceOrientationPortrait UIInterfaceOrientationLandscapeLeft UIInterfaceOrientationLandscapeRight";
				LD_RUNPATH_SEARCH_PATHS = (
					"$(inherited)",
					"@executable_path/Frameworks",
				);
				MARKETING_VERSION = 1.0;
				PRODUCT_BUNDLE_IDENTIFIER = com.bola.Store;
				PRODUCT_NAME = "$(TARGET_NAME)";
				SWIFT_EMIT_LOC_STRINGS = YES;
				SWIFT_VERSION = 5.0;
				TARGETED_DEVICE_FAMILY = "1,2";
			};
			name = Debug;
		};
		8327BCA92986B0440059F03E /* Release */ = {
			isa = XCBuildConfiguration;
			buildSettings = {
				ASSETCATALOG_COMPILER_APPICON_NAME = AppIcon;
				ASSETCATALOG_COMPILER_GLOBAL_ACCENT_COLOR_NAME = AccentColor;
				CODE_SIGN_STYLE = Automatic;
				CURRENT_PROJECT_VERSION = 1;
				GENERATE_INFOPLIST_FILE = YES;
				INFOPLIST_FILE = Store/Info.plist;
				INFOPLIST_KEY_UIApplicationSupportsIndirectInputEvents = YES;
				INFOPLIST_KEY_UILaunchStoryboardName = LaunchScreen;
				INFOPLIST_KEY_UISupportedInterfaceOrientations_iPad = "UIInterfaceOrientationPortrait UIInterfaceOrientationPortraitUpsideDown UIInterfaceOrientationLandscapeLeft UIInterfaceOrientationLandscapeRight";
				INFOPLIST_KEY_UISupportedInterfaceOrientations_iPhone = "UIInterfaceOrientationPortrait UIInterfaceOrientationLandscapeLeft UIInterfaceOrientationLandscapeRight";
				LD_RUNPATH_SEARCH_PATHS = (
					"$(inherited)",
					"@executable_path/Frameworks",
				);
				MARKETING_VERSION = 1.0;
				PRODUCT_BUNDLE_IDENTIFIER = com.bola.Store;
				PRODUCT_NAME = "$(TARGET_NAME)";
				SWIFT_EMIT_LOC_STRINGS = YES;
				SWIFT_VERSION = 5.0;
				TARGETED_DEVICE_FAMILY = "1,2";
			};
			name = Release;
		};
/* End XCBuildConfiguration section */

/* Begin XCConfigurationList section */
		8327BC8E2986B0400059F03E /* Build configuration list for PBXProject "Store" */ = {
			isa = XCConfigurationList;
			buildConfigurations = (
				8327BCA52986B0440059F03E /* Debug */,
				8327BCA62986B0440059F03E /* Release */,
			);
			defaultConfigurationIsVisible = 0;
			defaultConfigurationName = Release;
		};
		8327BCA72986B0440059F03E /* Build configuration list for PBXNativeTarget "Store" */ = {
			isa = XCConfigurationList;
			buildConfigurations = (
				8327BCA82986B0440059F03E /* Debug */,
				8327BCA92986B0440059F03E /* Release */,
			);
			defaultConfigurationIsVisible = 0;
			defaultConfigurationName = Release;
		};
/* End XCConfigurationList section */
	};
	rootObject = 8327BC8B2986B0400059F03E /* Project object */;
}
